
Microsoft Visual Studio Solution File, Format Version 12.00
# Visual Studio Version 16
VisualStudioVersion = 16.0.30413.136
MinimumVisualStudioVersion = 10.0.40219.1
Project("{FAE04EC0-301F-11D3-BF4B-00C04F79EFBC}") = "OrdersMVC", "OrdersMVC.csproj", "{DBD43EC3-2A5D-42E2-879B-E3034180DD7D}"
EndProject
Global
	GlobalSection(SolutionConfigurationPlatforms) = preSolution
		Debug|Any CPU = Debug|Any CPU
		Release|Any CPU = Release|Any CPU
	EndGlobalSection
	GlobalSection(ProjectConfigurationPlatforms) = postSolution
		{DBD43EC3-2A5D-42E2-879B-E3034180DD7D}.Debug|Any CPU.ActiveCfg = Debug|Any CPU
		{DBD43EC3-2A5D-42E2-879B-E3034180DD7D}.Debug|Any CPU.Build.0 = Debug|Any CPU
		{DBD43EC3-2A5D-42E2-879B-E3034180DD7D}.Release|Any CPU.ActiveCfg = Release|Any CPU
		{DBD43EC3-2A5D-42E2-879B-E3034180DD7D}.Release|Any CPU.Build.0 = Release|Any CPU
	EndGlobalSection
	GlobalSection(SolutionProperties) = preSolution
		HideSolutionNode = FALSE
	EndGlobalSection
	GlobalSection(ExtensibilityGlobals) = postSolution
		SolutionGuid = {96DDD05B-C9E5-48A1-946E-887CC1F95103}
	EndGlobalSection
EndGlobal
